
Microsoft Visual Studio Solution File, Format Version 12.00
# Visual Studio Version 16
VisualStudioVersion = 25.0.1705.7
MinimumVisualStudioVersion = 10.0.40219.1
Project("{FAE04EC0-301F-11D3-BF4B-00C04F79EFBC}") = "ShieldFraud_Android", "ShieldFraud_Android\ShieldFraud_Android.csproj", "{FE6AC57A-9857-4B43-BFA3-95641623BBAC}"
EndProject
Global
	GlobalSection(SolutionConfigurationPlatforms) = preSolution
		Debug|Any CPU = Debug|Any CPU
		Release|Any CPU = Release|Any CPU
	EndGlobalSection
	GlobalSection(ProjectConfigurationPlatforms) = postSolution
		{FE6AC57A-9857-4B43-BFA3-95641623BBAC}.Debug|Any CPU.ActiveCfg = Debug|Any CPU
		{FE6AC57A-9857-4B43-BFA3-95641623BBAC}.Debug|Any CPU.Build.0 = Debug|Any CPU
		{FE6AC57A-9857-4B43-BFA3-95641623BBAC}.Release|Any CPU.ActiveCfg = Release|Any CPU
		{FE6AC57A-9857-4B43-BFA3-95641623BBAC}.Release|Any CPU.Build.0 = Release|Any CPU
	EndGlobalSection
	GlobalSection(SolutionProperties) = preSolution
		HideSolutionNode = FALSE
	EndGlobalSection
	GlobalSection(ExtensibilityGlobals) = postSolution
		SolutionGuid = {7701C234-6DD3-49D6-95BF-65150CF09518}
	EndGlobalSection
EndGlobal
